<?xml version="1.0" encoding="utf-8"?>
<Project ToolsVersion="4.0" xmlns="http://schemas.microsoft.com/developer/msbuild/2003">
  <ItemGroup>
    <Filter Include="Source Files">
      <UniqueIdentifier>{525a00d1-d801-4e59-8b89-2574bf9e603c}</UniqueIdentifier>
      <Extensions>cpp;c;cxx;rc;def;r;odl;idl;hpj;bat</Extensions>
    </Filter>
    <Filter Include="Header Files">
      <UniqueIdentifier>{13e4669a-8ccd-400f-b903-a22176be339c}</UniqueIdentifier>
      <Extensions>h;hpp;hxx;hm;inl</Extensions>
    </Filter>
    <Filter Include="Resource Files">
      <UniqueIdentifier>{84f1e70d-144d-4993-8c3e-695275771696}</UniqueIdentifier>
      <Extensions>ico;cur;bmp;dlg;rc2;rct;bin;rgs;gif;jpg;jpeg;jpe</Extensions>
    </Filter>
  </ItemGroup>
  <ItemGroup>
    <ClCompile Include="debug.cpp">
      <Filter>Source Files</Filter>
    </ClCompile>
    <ClCompile Include="plugin.cpp">
      <Filter>Source Files</Filter>
    </ClCompile>
  </ItemGroup>
  <ItemGroup>
    <ClInclude Include="consts.h">
      <Filter>Header Files</Filter>
    </ClInclude>
    <ClInclude Include="debmod.h">
      <Filter>Header Files</Filter>
    </ClInclude>
    <ClInclude Include="include\APIBase.h">
      <Filter>Header Files</Filter>
    </ClInclude>
    <ClInclude Include="include\APIUtf8.h">
      <Filter>Header Files</Filter>
    </ClInclude>
    <ClInclude Include="include\CopyrightDefs.h">
      <Filter>Header Files</Filter>
    </ClInclude>
    <ClInclude Include="include\ps3tmapi.h">
      <Filter>Header Files</Filter>
    </ClInclude>
    <ClInclude Include="include\SDKVersion.h">
      <Filter>Header Files</Filter>
    </ClInclude>
    <ClInclude Include="include\tmver.h">
      <Filter>Header Files</Filter>
    </ClInclude>
    <ClInclude Include="include\TMVerDefs.h">
      <Filter>Header Files</Filter>
    </ClInclude>
  </ItemGroup>
</Project>